// !$*UTF8*$!
{
	archiveVersion = 1;
	classes = {
	};
	objectVersion = 55;
	objects = {

/* Begin PBXBuildFile section */
		A614917C286DD38300428021 /* ServerManager.swift in Sources */ = {isa = PBXBuildFile; fileRef = A614917B286DD38300428021 /* ServerManager.swift */; };
		A67C9C1D286B348E00AB95E1 /* AppDelegate.swift in Sources */ = {isa = PBXBuildFile; fileRef = A67C9C1C286B348E00AB95E1 /* AppDelegate.swift */; };
		A67C9C1F286B348E00AB95E1 /* SceneDelegate.swift in Sources */ = {isa = PBXBuildFile; fileRef = A67C9C1E286B348E00AB95E1 /* SceneDelegate.swift */; };
		A67C9C21286B348E00AB95E1 /* MainScreenViewController.swift in Sources */ = {isa = PBXBuildFile; fileRef = A67C9C20286B348E00AB95E1 /* MainScreenViewController.swift */; };
		A67C9C24286B348E00AB95E1 /* Main.storyboard in Resources */ = {isa = PBXBuildFile; fileRef = A67C9C22286B348E00AB95E1 /* Main.storyboard */; };
		A67C9C26286B348F00AB95E1 /* Assets.xcassets in Resources */ = {isa = PBXBuildFile; fileRef = A67C9C25286B348F00AB95E1 /* Assets.xcassets */; };
		A67C9C29286B348F00AB95E1 /* LaunchScreen.storyboard in Resources */ = {isa = PBXBuildFile; fileRef = A67C9C27286B348F00AB95E1 /* LaunchScreen.storyboard */; };
		A67C9C3A286B3ACE00AB95E1 /* JSONFields.swift in Sources */ = {isa = PBXBuildFile; fileRef = A67C9C39286B3ACE00AB95E1 /* JSONFields.swift */; };
		A67C9C3C286B42CB00AB95E1 /* SettingsViewController.swift in Sources */ = {isa = PBXBuildFile; fileRef = A67C9C3B286B42CB00AB95E1 /* SettingsViewController.swift */; };
		A67C9C3E286B451000AB95E1 /* TimerCell.swift in Sources */ = {isa = PBXBuildFile; fileRef = A67C9C3D286B451000AB95E1 /* TimerCell.swift */; };
		A67C9C42286B51DE00AB95E1 /* MainTableViewCell.swift in Sources */ = {isa = PBXBuildFile; fileRef = A67C9C41286B51DE00AB95E1 /* MainTableViewCell.swift */; };
		F4EC5A40D951752B18E2B7DC /* Pods_LocationApp.framework in Frameworks */ = {isa = PBXBuildFile; fileRef = D1A3A514D522877EDC5B78AA /* Pods_LocationApp.framework */; };
/* End PBXBuildFile section */

/* Begin PBXFileReference section */
		03E44C46F239B09209114FC4 /* Pods-LocationApp.release.xcconfig */ = {isa = PBXFileReference; includeInIndex = 1; lastKnownFileType = text.xcconfig; name = "Pods-LocationApp.release.xcconfig"; path = "Target Support Files/Pods-LocationApp/Pods-LocationApp.release.xcconfig"; sourceTree = "<group>"; };
		A614917B286DD38300428021 /* ServerManager.swift */ = {isa = PBXFileReference; lastKnownFileType = sourcecode.swift; path = ServerManager.swift; sourceTree = "<group>"; };
		A67C9C19286B348E00AB95E1 /* LocationApp.app */ = {isa = PBXFileReference; explicitFileType = wrapper.application; includeInIndex = 0; path = LocationApp.app; sourceTree = BUILT_PRODUCTS_DIR; };
		A67C9C1C286B348E00AB95E1 /* AppDelegate.swift */ = {isa = PBXFileReference; lastKnownFileType = sourcecode.swift; path = AppDelegate.swift; sourceTree = "<group>"; };
		A67C9C1E286B348E00AB95E1 /* SceneDelegate.swift */ = {isa = PBXFileReference; lastKnownFileType = sourcecode.swift; path = SceneDelegate.swift; sourceTree = "<group>"; };
		A67C9C20286B348E00AB95E1 /* MainScreenViewController.swift */ = {isa = PBXFileReference; lastKnownFileType = sourcecode.swift; path = MainScreenViewController.swift; sourceTree = "<group>"; };
		A67C9C23286B348E00AB95E1 /* Base */ = {isa = PBXFileReference; lastKnownFileType = file.storyboard; name = Base; path = Base.lproj/Main.storyboard; sourceTree = "<group>"; };
		A67C9C25286B348F00AB95E1 /* Assets.xcassets */ = {isa = PBXFileReference; lastKnownFileType = folder.assetcatalog; path = Assets.xcassets; sourceTree = "<group>"; };
		A67C9C28286B348F00AB95E1 /* Base */ = {isa = PBXFileReference; lastKnownFileType = file.storyboard; name = Base; path = Base.lproj/LaunchScreen.storyboard; sourceTree = "<group>"; };
		A67C9C2A286B348F00AB95E1 /* Info.plist */ = {isa = PBXFileReference; lastKnownFileType = text.plist.xml; path = Info.plist; sourceTree = "<group>"; };
		A67C9C39286B3ACE00AB95E1 /* JSONFields.swift */ = {isa = PBXFileReference; lastKnownFileType = sourcecode.swift; path = JSONFields.swift; sourceTree = "<group>"; };
		A67C9C3B286B42CB00AB95E1 /* SettingsViewController.swift */ = {isa = PBXFileReference; lastKnownFileType = sourcecode.swift; path = SettingsViewController.swift; sourceTree = "<group>"; };
		A67C9C3D286B451000AB95E1 /* TimerCell.swift */ = {isa = PBXFileReference; lastKnownFileType = sourcecode.swift; path = TimerCell.swift; sourceTree = "<group>"; };
		A67C9C41286B51DE00AB95E1 /* MainTableViewCell.swift */ = {isa = PBXFileReference; lastKnownFileType = sourcecode.swift; path = MainTableViewCell.swift; sourceTree = "<group>"; };
		D1A3A514D522877EDC5B78AA /* Pods_LocationApp.framework */ = {isa = PBXFileReference; explicitFileType = wrapper.framework; includeInIndex = 0; path = Pods_LocationApp.framework; sourceTree = BUILT_PRODUCTS_DIR; };
		F05913F8A668316D68150BE5 /* Pods-LocationApp.debug.xcconfig */ = {isa = PBXFileReference; includeInIndex = 1; lastKnownFileType = text.xcconfig; name = "Pods-LocationApp.debug.xcconfig"; path = "Target Support Files/Pods-LocationApp/Pods-LocationApp.debug.xcconfig"; sourceTree = "<group>"; };
/* End PBXFileReference section */

/* Begin PBXFrameworksBuildPhase section */
		A67C9C16286B348E00AB95E1 /* Frameworks */ = {
			isa = PBXFrameworksBuildPhase;
			buildActionMask = 2147483647;
			files = (
				F4EC5A40D951752B18E2B7DC /* Pods_LocationApp.framework in Frameworks */,
			);
			runOnlyForDeploymentPostprocessing = 0;
		};
/* End PBXFrameworksBuildPhase section */

/* Begin PBXGroup section */
		60CF43A2A5E619D7C2E81E2D /* Frameworks */ = {
			isa = PBXGroup;
			children = (
				D1A3A514D522877EDC5B78AA /* Pods_LocationApp.framework */,
			);
			name = Frameworks;
			sourceTree = "<group>";
		};
		96A1603C8A96527C9DA83E01 /* Pods */ = {
			isa = PBXGroup;
			children = (
				F05913F8A668316D68150BE5 /* Pods-LocationApp.debug.xcconfig */,
				03E44C46F239B09209114FC4 /* Pods-LocationApp.release.xcconfig */,
			);
			path = Pods;
			sourceTree = "<group>";
		};
		A67C9C10286B348E00AB95E1 = {
			isa = PBXGroup;
			children = (
				A67C9C1B286B348E00AB95E1 /* LocationApp */,
				A67C9C1A286B348E00AB95E1 /* Products */,
				96A1603C8A96527C9DA83E01 /* Pods */,
				60CF43A2A5E619D7C2E81E2D /* Frameworks */,
			);
			sourceTree = "<group>";
		};
		A67C9C1A286B348E00AB95E1 /* Products */ = {
			isa = PBXGroup;
			children = (
				A67C9C19286B348E00AB95E1 /* LocationApp.app */,
			);
			name = Products;
			sourceTree = "<group>";
		};
		A67C9C1B286B348E00AB95E1 /* LocationApp */ = {
			isa = PBXGroup;
			children = (
				A67C9C30286B352700AB95E1 /* Model */,
				A67C9C31286B352C00AB95E1 /* View */,
				A67C9C32286B352F00AB95E1 /* Controller */,
				A67C9C1E286B348E00AB95E1 /* SceneDelegate.swift */,
				A67C9C1C286B348E00AB95E1 /* AppDelegate.swift */,
				A67C9C25286B348F00AB95E1 /* Assets.xcassets */,
				A67C9C2A286B348F00AB95E1 /* Info.plist */,
			);
			path = LocationApp;
			sourceTree = "<group>";
		};
		A67C9C30286B352700AB95E1 /* Model */ = {
			isa = PBXGroup;
			children = (
				A67C9C39286B3ACE00AB95E1 /* JSONFields.swift */,
				A614917B286DD38300428021 /* ServerManager.swift */,
			);
			path = Model;
			sourceTree = "<group>";
		};
		A67C9C31286B352C00AB95E1 /* View */ = {
			isa = PBXGroup;
			children = (
				A67C9C22286B348E00AB95E1 /* Main.storyboard */,
				A67C9C27286B348F00AB95E1 /* LaunchScreen.storyboard */,
				A67C9C3D286B451000AB95E1 /* TimerCell.swift */,
				A67C9C41286B51DE00AB95E1 /* MainTableViewCell.swift */,
			);
			path = View;
			sourceTree = "<group>";
		};
		A67C9C32286B352F00AB95E1 /* Controller */ = {
			isa = PBXGroup;
			children = (
				A67C9C20286B348E00AB95E1 /* MainScreenViewController.swift */,
				A67C9C3B286B42CB00AB95E1 /* SettingsViewController.swift */,
			);
			path = Controller;
			sourceTree = "<group>";
		};
/* End PBXGroup section */

/* Begin PBXNativeTarget section */
		A67C9C18286B348E00AB95E1 /* LocationApp */ = {
			isa = PBXNativeTarget;
			buildConfigurationList = A67C9C2D286B348F00AB95E1 /* Build configuration list for PBXNativeTarget "LocationApp" */;
			buildPhases = (
				CF86CE6FA90172BD4F732863 /* [CP] Check Pods Manifest.lock */,
				A67C9C15286B348E00AB95E1 /* Sources */,
				A67C9C16286B348E00AB95E1 /* Frameworks */,
				A67C9C17286B348E00AB95E1 /* Resources */,
				060EA70F17E9D27A7A62C52B /* [CP] Embed Pods Frameworks */,
			);
			buildRules = (
			);
			dependencies = (
			);
			name = LocationApp;
			productName = LocationApp;
			productReference = A67C9C19286B348E00AB95E1 /* LocationApp.app */;
			productType = "com.apple.product-type.application";
		};
/* End PBXNativeTarget section */

/* Begin PBXProject section */
		A67C9C11286B348E00AB95E1 /* Project object */ = {
			isa = PBXProject;
			attributes = {
				BuildIndependentTargetsInParallel = 1;
				LastSwiftUpdateCheck = 1330;
				LastUpgradeCheck = 1330;
				TargetAttributes = {
					A67C9C18286B348E00AB95E1 = {
						CreatedOnToolsVersion = 13.3;
					};
				};
			};
			buildConfigurationList = A67C9C14286B348E00AB95E1 /* Build configuration list for PBXProject "LocationApp" */;
			compatibilityVersion = "Xcode 13.0";
			developmentRegion = en;
			hasScannedForEncodings = 0;
			knownRegions = (
				en,
				Base,
			);
			mainGroup = A67C9C10286B348E00AB95E1;
			productRefGroup = A67C9C1A286B348E00AB95E1 /* Products */;
			projectDirPath = "";
			projectRoot = "";
			targets = (
				A67C9C18286B348E00AB95E1 /* LocationApp */,
			);
		};
/* End PBXProject section */

/* Begin PBXResourcesBuildPhase section */
		A67C9C17286B348E00AB95E1 /* Resources */ = {
			isa = PBXResourcesBuildPhase;
			buildActionMask = 2147483647;
			files = (
				A67C9C29286B348F00AB95E1 /* LaunchScreen.storyboard in Resources */,
				A67C9C26286B348F00AB95E1 /* Assets.xcassets in Resources */,
				A67C9C24286B348E00AB95E1 /* Main.storyboard in Resources */,
			);
			runOnlyForDeploymentPostprocessing = 0;
		};
/* End PBXResourcesBuildPhase section */

/* Begin PBXShellScriptBuildPhase section */
		060EA70F17E9D27A7A62C52B /* [CP] Embed Pods Frameworks */ = {
			isa = PBXShellScriptBuildPhase;
			buildActionMask = 2147483647;
			files = (
			);
			inputFileListPaths = (
				"${PODS_ROOT}/Target Support Files/Pods-LocationApp/Pods-LocationApp-frameworks-${CONFIGURATION}-input-files.xcfilelist",
			);
			name = "[CP] Embed Pods Frameworks";
			outputFileListPaths = (
				"${PODS_ROOT}/Target Support Files/Pods-LocationApp/Pods-LocationApp-frameworks-${CONFIGURATION}-output-files.xcfilelist",
			);
			runOnlyForDeploymentPostprocessing = 0;
			shellPath = /bin/sh;
			shellScript = "\"${PODS_ROOT}/Target Support Files/Pods-LocationApp/Pods-LocationApp-frameworks.sh\"\n";
			showEnvVarsInLog = 0;
		};
		CF86CE6FA90172BD4F732863 /* [CP] Check Pods Manifest.lock */ = {
			isa = PBXShellScriptBuildPhase;
			buildActionMask = 2147483647;
			files = (
			);
			inputFileListPaths = (
			);
			inputPaths = (
				"${PODS_PODFILE_DIR_PATH}/Podfile.lock",
				"${PODS_ROOT}/Manifest.lock",
			);
			name = "[CP] Check Pods Manifest.lock";
			outputFileListPaths = (
			);
			outputPaths = (
				"$(DERIVED_FILE_DIR)/Pods-LocationApp-checkManifestLockResult.txt",
			);
			runOnlyForDeploymentPostprocessing = 0;
			shellPath = /bin/sh;
			shellScript = "diff \"${PODS_PODFILE_DIR_PATH}/Podfile.lock\" \"${PODS_ROOT}/Manifest.lock\" > /dev/null\nif [ $? != 0 ] ; then\n    # print error to STDERR\n    echo \"error: The sandbox is not in sync with the Podfile.lock. Run 'pod install' or update your CocoaPods installation.\" >&2\n    exit 1\nfi\n# This output is used by Xcode 'outputs' to avoid re-running this script phase.\necho \"SUCCESS\" > \"${SCRIPT_OUTPUT_FILE_0}\"\n";
			showEnvVarsInLog = 0;
		};
/* End PBXShellScriptBuildPhase section */

/* Begin PBXSourcesBuildPhase section */
		A67C9C15286B348E00AB95E1 /* Sources */ = {
			isa = PBXSourcesBuildPhase;
			buildActionMask = 2147483647;
			files = (
				A67C9C21286B348E00AB95E1 /* MainScreenViewController.swift in Sources */,
				A614917C286DD38300428021 /* ServerManager.swift in Sources */,
				A67C9C1D286B348E00AB95E1 /* AppDelegate.swift in Sources */,
				A67C9C1F286B348E00AB95E1 /* SceneDelegate.swift in Sources */,
				A67C9C42286B51DE00AB95E1 /* MainTableViewCell.swift in Sources */,
				A67C9C3C286B42CB00AB95E1 /* SettingsViewController.swift in Sources */,
				A67C9C3A286B3ACE00AB95E1 /* JSONFields.swift in Sources */,
				A67C9C3E286B451000AB95E1 /* TimerCell.swift in Sources */,
			);
			runOnlyForDeploymentPostprocessing = 0;
		};
/* End PBXSourcesBuildPhase section */

/* Begin PBXVariantGroup section */
		A67C9C22286B348E00AB95E1 /* Main.storyboard */ = {
			isa = PBXVariantGroup;
			children = (
				A67C9C23286B348E00AB95E1 /* Base */,
			);
			name = Main.storyboard;
			sourceTree = "<group>";
		};
		A67C9C27286B348F00AB95E1 /* LaunchScreen.storyboard */ = {
			isa = PBXVariantGroup;
			children = (
				A67C9C28286B348F00AB95E1 /* Base */,
			);
			name = LaunchScreen.storyboard;
			sourceTree = "<group>";
		};
/* End PBXVariantGroup section */

/* Begin XCBuildConfiguration section */
		A67C9C2B286B348F00AB95E1 /* Debug */ = {
			isa = XCBuildConfiguration;
			buildSettings = {
				ALWAYS_SEARCH_USER_PATHS = NO;
				CLANG_ANALYZER_NONNULL = YES;
				CLANG_ANALYZER_NUMBER_OBJECT_CONVERSION = YES_AGGRESSIVE;
				CLANG_CXX_LANGUAGE_STANDARD = "gnu++17";
				CLANG_ENABLE_MODULES = YES;
				CLANG_ENABLE_OBJC_ARC = YES;
				CLANG_ENABLE_OBJC_WEAK = YES;
				CLANG_WARN_BLOCK_CAPTURE_AUTORELEASING = YES;
				CLANG_WARN_BOOL_CONVERSION = YES;
				CLANG_WARN_COMMA = YES;
				CLANG_WARN_CONSTANT_CONVERSION = YES;
				CLANG_WARN_DEPRECATED_OBJC_IMPLEMENTATIONS = YES;
				CLANG_WARN_DIRECT_OBJC_ISA_USAGE = YES_ERROR;
				CLANG_WARN_DOCUMENTATION_COMMENTS = YES;
				CLANG_WARN_EMPTY_BODY = YES;
				CLANG_WARN_ENUM_CONVERSION = YES;
				CLANG_WARN_INFINITE_RECURSION = YES;
				CLANG_WARN_INT_CONVERSION = YES;
				CLANG_WARN_NON_LITERAL_NULL_CONVERSION = YES;
				CLANG_WARN_OBJC_IMPLICIT_RETAIN_SELF = YES;
				CLANG_WARN_OBJC_LITERAL_CONVERSION = YES;
				CLANG_WARN_OBJC_ROOT_CLASS = YES_ERROR;
				CLANG_WARN_QUOTED_INCLUDE_IN_FRAMEWORK_HEADER = YES;
				CLANG_WARN_RANGE_LOOP_ANALYSIS = YES;
				CLANG_WARN_STRICT_PROTOTYPES = YES;
				CLANG_WARN_SUSPICIOUS_MOVE = YES;
				CLANG_WARN_UNGUARDED_AVAILABILITY = YES_AGGRESSIVE;
				CLANG_WARN_UNREACHABLE_CODE = YES;
				CLANG_WARN__DUPLICATE_METHOD_MATCH = YES;
				COPY_PHASE_STRIP = NO;
				DEBUG_INFORMATION_FORMAT = dwarf;
				ENABLE_STRICT_OBJC_MSGSEND = YES;
				ENABLE_TESTABILITY = YES;
				GCC_C_LANGUAGE_STANDARD = gnu11;
				GCC_DYNAMIC_NO_PIC = NO;
				GCC_NO_COMMON_BLOCKS = YES;
				GCC_OPTIMIZATION_LEVEL = 0;
				GCC_PREPROCESSOR_DEFINITIONS = (
					"DEBUG=1",
					"$(inherited)",
				);
				GCC_WARN_64_TO_32_BIT_CONVERSION = YES;
				GCC_WARN_ABOUT_RETURN_TYPE = YES_ERROR;
				GCC_WARN_UNDECLARED_SELECTOR = YES;
				GCC_WARN_UNINITIALIZED_AUTOS = YES_AGGRESSIVE;
				GCC_WARN_UNUSED_FUNCTION = YES;
				GCC_WARN_UNUSED_VARIABLE = YES;
				IPHONEOS_DEPLOYMENT_TARGET = 15.4;
				MTL_ENABLE_DEBUG_INFO = INCLUDE_SOURCE;
				MTL_FAST_MATH = YES;
				ONLY_ACTIVE_ARCH = YES;
				SDKROOT = iphoneos;
				SWIFT_ACTIVE_COMPILATION_CONDITIONS = DEBUG;
				SWIFT_OPTIMIZATION_LEVEL = "-Onone";
			};
			name = Debug;
		};
		A67C9C2C286B348F00AB95E1 /* Release */ = {
			isa = XCBuildConfiguration;
			buildSettings = {
				ALWAYS_SEARCH_USER_PATHS = NO;
				CLANG_ANALYZER_NONNULL = YES;
				CLANG_ANALYZER_NUMBER_OBJECT_CONVERSION = YES_AGGRESSIVE;
				CLANG_CXX_LANGUAGE_STANDARD = "gnu++17";
				CLANG_ENABLE_MODULES = YES;
				CLANG_ENABLE_OBJC_ARC = YES;
				CLANG_ENABLE_OBJC_WEAK = YES;
				CLANG_WARN_BLOCK_CAPTURE_AUTORELEASING = YES;
				CLANG_WARN_BOOL_CONVERSION = YES;
				CLANG_WARN_COMMA = YES;
				CLANG_WARN_CONSTANT_CONVERSION = YES;
				CLANG_WARN_DEPRECATED_OBJC_IMPLEMENTATIONS = YES;
				CLANG_WARN_DIRECT_OBJC_ISA_USAGE = YES_ERROR;
				CLANG_WARN_DOCUMENTATION_COMMENTS = YES;
				CLANG_WARN_EMPTY_BODY = YES;
				CLANG_WARN_ENUM_CONVERSION = YES;
				CLANG_WARN_INFINITE_RECURSION = YES;
				CLANG_WARN_INT_CONVERSION = YES;
				CLANG_WARN_NON_LITERAL_NULL_CONVERSION = YES;
				CLANG_WARN_OBJC_IMPLICIT_RETAIN_SELF = YES;
				CLANG_WARN_OBJC_LITERAL_CONVERSION = YES;
				CLANG_WARN_OBJC_ROOT_CLASS = YES_ERROR;
				CLANG_WARN_QUOTED_INCLUDE_IN_FRAMEWORK_HEADER = YES;
				CLANG_WARN_RANGE_LOOP_ANALYSIS = YES;
				CLANG_WARN_STRICT_PROTOTYPES = YES;
				CLANG_WARN_SUSPICIOUS_MOVE = YES;
				CLANG_WARN_UNGUARDED_AVAILABILITY = YES_AGGRESSIVE;
				CLANG_WARN_UNREACHABLE_CODE = YES;
				CLANG_WARN__DUPLICATE_METHOD_MATCH = YES;
				COPY_PHASE_STRIP = NO;
				DEBUG_INFORMATION_FORMAT = "dwarf-with-dsym";
				ENABLE_NS_ASSERTIONS = NO;
				ENABLE_STRICT_OBJC_MSGSEND = YES;
				GCC_C_LANGUAGE_STANDARD = gnu11;
				GCC_NO_COMMON_BLOCKS = YES;
				GCC_WARN_64_TO_32_BIT_CONVERSION = YES;
				GCC_WARN_ABOUT_RETURN_TYPE = YES_ERROR;
				GCC_WARN_UNDECLARED_SELECTOR = YES;
				GCC_WARN_UNINITIALIZED_AUTOS = YES_AGGRESSIVE;
				GCC_WARN_UNUSED_FUNCTION = YES;
				GCC_WARN_UNUSED_VARIABLE = YES;
				IPHONEOS_DEPLOYMENT_TARGET = 15.4;
				MTL_ENABLE_DEBUG_INFO = NO;
				MTL_FAST_MATH = YES;
				SDKROOT = iphoneos;
				SWIFT_COMPILATION_MODE = wholemodule;
				SWIFT_OPTIMIZATION_LEVEL = "-O";
				VALIDATE_PRODUCT = YES;
			};
			name = Release;
		};
		A67C9C2E286B348F00AB95E1 /* Debug */ = {
			isa = XCBuildConfiguration;
			baseConfigurationReference = F05913F8A668316D68150BE5 /* Pods-LocationApp.debug.xcconfig */;
			buildSettings = {
				ASSETCATALOG_COMPILER_APPICON_NAME = AppIcon;
				ASSETCATALOG_COMPILER_GLOBAL_ACCENT_COLOR_NAME = AccentColor;
				CODE_SIGN_STYLE = Automatic;
				CURRENT_PROJECT_VERSION = 1;
				DEVELOPMENT_TEAM = X3RLZK92Q3;
				GENERATE_INFOPLIST_FILE = YES;
				INFOPLIST_FILE = LocationApp/Info.plist;
				INFOPLIST_KEY_NSLocationAlwaysAndWhenInUseUsageDescription = "Enable access, so we could get you location";
				INFOPLIST_KEY_NSLocationAlwaysUsageDescription = "Enable access, so we could get you location";
				INFOPLIST_KEY_NSLocationWhenInUseUsageDescription = "Enable access, so we could get you location";
				INFOPLIST_KEY_UIApplicationSupportsIndirectInputEvents = YES;
				INFOPLIST_KEY_UILaunchStoryboardName = LaunchScreen;
				INFOPLIST_KEY_UIMainStoryboardFile = Main;
				INFOPLIST_KEY_UISupportedInterfaceOrientations_iPad = "UIInterfaceOrientationPortrait UIInterfaceOrientationPortraitUpsideDown UIInterfaceOrientationLandscapeLeft UIInterfaceOrientationLandscapeRight";
				INFOPLIST_KEY_UISupportedInterfaceOrientations_iPhone = "UIInterfaceOrientationPortrait UIInterfaceOrientationLandscapeLeft UIInterfaceOrientationLandscapeRight";
				INFOPLIST_KEY_UIUserInterfaceStyle = LIGHT;
				LD_RUNPATH_SEARCH_PATHS = (
					"$(inherited)",
					"@executable_path/Frameworks",
				);
				MARKETING_VERSION = 1.0;
				PRODUCT_BUNDLE_IDENTIFIER = com.maxkuznetsov.LocationApp;
				PRODUCT_NAME = "$(TARGET_NAME)";
				SWIFT_EMIT_LOC_STRINGS = YES;
				SWIFT_VERSION = 5.0;
				TARGETED_DEVICE_FAMILY = "1,2";
			};
			name = Debug;
		};
		A67C9C2F286B348F00AB95E1 /* Release */ = {
			isa = XCBuildConfiguration;
			baseConfigurationReference = 03E44C46F239B09209114FC4 /* Pods-LocationApp.release.xcconfig */;
			buildSettings = {
				ASSETCATALOG_COMPILER_APPICON_NAME = AppIcon;
				ASSETCATALOG_COMPILER_GLOBAL_ACCENT_COLOR_NAME = AccentColor;
				CODE_SIGN_STYLE = Automatic;
				CURRENT_PROJECT_VERSION = 1;
				DEVELOPMENT_TEAM = X3RLZK92Q3;
				GENERATE_INFOPLIST_FILE = YES;
				INFOPLIST_FILE = LocationApp/Info.plist;
				INFOPLIST_KEY_NSLocationAlwaysAndWhenInUseUsageDescription = "Enable access, so we could get you location";
				INFOPLIST_KEY_NSLocationAlwaysUsageDescription = "Enable access, so we could get you location";
				INFOPLIST_KEY_NSLocationWhenInUseUsageDescription = "Enable access, so we could get you location";
				INFOPLIST_KEY_UIApplicationSupportsIndirectInputEvents = YES;
				INFOPLIST_KEY_UILaunchStoryboardName = LaunchScreen;
				INFOPLIST_KEY_UIMainStoryboardFile = Main;
				INFOPLIST_KEY_UISupportedInterfaceOrientations_iPad = "UIInterfaceOrientationPortrait UIInterfaceOrientationPortraitUpsideDown UIInterfaceOrientationLandscapeLeft UIInterfaceOrientationLandscapeRight";
				INFOPLIST_KEY_UISupportedInterfaceOrientations_iPhone = "UIInterfaceOrientationPortrait UIInterfaceOrientationLandscapeLeft UIInterfaceOrientationLandscapeRight";
				INFOPLIST_KEY_UIUserInterfaceStyle = LIGHT;
				LD_RUNPATH_SEARCH_PATHS = (
					"$(inherited)",
					"@executable_path/Frameworks",
				);
				MARKETING_VERSION = 1.0;
				PRODUCT_BUNDLE_IDENTIFIER = com.maxkuznetsov.LocationApp;
				PRODUCT_NAME = "$(TARGET_NAME)";
				SWIFT_EMIT_LOC_STRINGS = YES;
				SWIFT_VERSION = 5.0;
				TARGETED_DEVICE_FAMILY = "1,2";
			};
			name = Release;
		};
/* End XCBuildConfiguration section */

/* Begin XCConfigurationList section */
		A67C9C14286B348E00AB95E1 /* Build configuration list for PBXProject "LocationApp" */ = {
			isa = XCConfigurationList;
			buildConfigurations = (
				A67C9C2B286B348F00AB95E1 /* Debug */,
				A67C9C2C286B348F00AB95E1 /* Release */,
			);
			defaultConfigurationIsVisible = 0;
			defaultConfigurationName = Release;
		};
		A67C9C2D286B348F00AB95E1 /* Build configuration list for PBXNativeTarget "LocationApp" */ = {
			isa = XCConfigurationList;
			buildConfigurations = (
				A67C9C2E286B348F00AB95E1 /* Debug */,
				A67C9C2F286B348F00AB95E1 /* Release */,
			);
			defaultConfigurationIsVisible = 0;
			defaultConfigurationName = Release;
		};
/* End XCConfigurationList section */
	};
	rootObject = A67C9C11286B348E00AB95E1 /* Project object */;
}
